// !$*UTF8*$!
{
	archiveVersion = 1;
	classes = {
	};
	objectVersion = 48;
	objects = {

/* Begin PBXBuildFile section */
		CA9CADA821AE0A510043260A /* AppDelegate.swift in Sources */ = {isa = PBXBuildFile; fileRef = CA9CADA721AE0A510043260A /* AppDelegate.swift */; };
		CA9CADAA21AE0A510043260A /* ViewController.swift in Sources */ = {isa = PBXBuildFile; fileRef = CA9CADA921AE0A510043260A /* ViewController.swift */; };
		CA9CADAD21AE0A510043260A /* Main.storyboard in Resources */ = {isa = PBXBuildFile; fileRef = CA9CADAB21AE0A510043260A /* Main.storyboard */; };
		CA9CADAF21AE0A510043260A /* Assets.xcassets in Resources */ = {isa = PBXBuildFile; fileRef = CA9CADAE21AE0A510043260A /* Assets.xcassets */; };
		CA9CADB221AE0A510043260A /* LaunchScreen.storyboard in Resources */ = {isa = PBXBuildFile; fileRef = CA9CADB021AE0A510043260A /* LaunchScreen.storyboard */; };
		CA9CADBD21AE0A510043260A /* ImagePracticeTests.swift in Sources */ = {isa = PBXBuildFile; fileRef = CA9CADBC21AE0A510043260A /* ImagePracticeTests.swift */; };
		CA9CADC821AE0A510043260A /* ImagePracticeUITests.swift in Sources */ = {isa = PBXBuildFile; fileRef = CA9CADC721AE0A510043260A /* ImagePracticeUITests.swift */; };
/* End PBXBuildFile section */

/* Begin PBXContainerItemProxy section */
		CA9CADB921AE0A510043260A /* PBXContainerItemProxy */ = {
			isa = PBXContainerItemProxy;
			containerPortal = CA9CAD9C21AE0A510043260A /* Project object */;
			proxyType = 1;
			remoteGlobalIDString = CA9CADA321AE0A510043260A;
			remoteInfo = ImagePractice;
		};
		CA9CADC421AE0A510043260A /* PBXContainerItemProxy */ = {
			isa = PBXContainerItemProxy;
			containerPortal = CA9CAD9C21AE0A510043260A /* Project object */;
			proxyType = 1;
			remoteGlobalIDString = CA9CADA321AE0A510043260A;
			remoteInfo = ImagePractice;
		};
/* End PBXContainerItemProxy section */

/* Begin PBXFileReference section */
		CA9CADA421AE0A510043260A /* ImagePractice.app */ = {isa = PBXFileReference; explicitFileType = wrapper.application; includeInIndex = 0; path = ImagePractice.app; sourceTree = BUILT_PRODUCTS_DIR; };
		CA9CADA721AE0A510043260A /* AppDelegate.swift */ = {isa = PBXFileReference; lastKnownFileType = sourcecode.swift; path = AppDelegate.swift; sourceTree = "<group>"; };
		CA9CADA921AE0A510043260A /* ViewController.swift */ = {isa = PBXFileReference; lastKnownFileType = sourcecode.swift; path = ViewController.swift; sourceTree = "<group>"; };
		CA9CADAC21AE0A510043260A /* Base */ = {isa = PBXFileReference; lastKnownFileType = file.storyboard; name = Base; path = Base.lproj/Main.storyboard; sourceTree = "<group>"; };
		CA9CADAE21AE0A510043260A /* Assets.xcassets */ = {isa = PBXFileReference; lastKnownFileType = folder.assetcatalog; path = Assets.xcassets; sourceTree = "<group>"; };
		CA9CADB121AE0A510043260A /* Base */ = {isa = PBXFileReference; lastKnownFileType = file.storyboard; name = Base; path = Base.lproj/LaunchScreen.storyboard; sourceTree = "<group>"; };
		CA9CADB321AE0A510043260A /* Info.plist */ = {isa = PBXFileReference; lastKnownFileType = text.plist.xml; path = Info.plist; sourceTree = "<group>"; };
		CA9CADB821AE0A510043260A /* ImagePracticeTests.xctest */ = {isa = PBXFileReference; explicitFileType = wrapper.cfbundle; includeInIndex = 0; path = ImagePracticeTests.xctest; sourceTree = BUILT_PRODUCTS_DIR; };
		CA9CADBC21AE0A510043260A /* ImagePracticeTests.swift */ = {isa = PBXFileReference; lastKnownFileType = sourcecode.swift; path = ImagePracticeTests.swift; sourceTree = "<group>"; };
		CA9CADBE21AE0A510043260A /* Info.plist */ = {isa = PBXFileReference; lastKnownFileType = text.plist.xml; path = Info.plist; sourceTree = "<group>"; };
		CA9CADC321AE0A510043260A /* ImagePracticeUITests.xctest */ = {isa = PBXFileReference; explicitFileType = wrapper.cfbundle; includeInIndex = 0; path = ImagePracticeUITests.xctest; sourceTree = BUILT_PRODUCTS_DIR; };
		CA9CADC721AE0A510043260A /* ImagePracticeUITests.swift */ = {isa = PBXFileReference; lastKnownFileType = sourcecode.swift; path = ImagePracticeUITests.swift; sourceTree = "<group>"; };
		CA9CADC921AE0A510043260A /* Info.plist */ = {isa = PBXFileReference; lastKnownFileType = text.plist.xml; path = Info.plist; sourceTree = "<group>"; };
/* End PBXFileReference section */

/* Begin PBXFrameworksBuildPhase section */
		CA9CADA121AE0A510043260A /* Frameworks */ = {
			isa = PBXFrameworksBuildPhase;
			buildActionMask = 2147483647;
			files = (
			);
			runOnlyForDeploymentPostprocessing = 0;
		};
		CA9CADB521AE0A510043260A /* Frameworks */ = {
			isa = PBXFrameworksBuildPhase;
			buildActionMask = 2147483647;
			files = (
			);
			runOnlyForDeploymentPostprocessing = 0;
		};
		CA9CADC021AE0A510043260A /* Frameworks */ = {
			isa = PBXFrameworksBuildPhase;
			buildActionMask = 2147483647;
			files = (
			);
			runOnlyForDeploymentPostprocessing = 0;
		};
/* End PBXFrameworksBuildPhase section */

/* Begin PBXGroup section */
		CA9CAD9B21AE0A510043260A = {
			isa = PBXGroup;
			children = (
				CA9CADA621AE0A510043260A /* ImagePractice */,
				CA9CADBB21AE0A510043260A /* ImagePracticeTests */,
				CA9CADC621AE0A510043260A /* ImagePracticeUITests */,
				CA9CADA521AE0A510043260A /* Products */,
			);
			sourceTree = "<group>";
		};
		CA9CADA521AE0A510043260A /* Products */ = {
			isa = PBXGroup;
			children = (
				CA9CADA421AE0A510043260A /* ImagePractice.app */,
				CA9CADB821AE0A510043260A /* ImagePracticeTests.xctest */,
				CA9CADC321AE0A510043260A /* ImagePracticeUITests.xctest */,
			);
			name = Products;
			sourceTree = "<group>";
		};
		CA9CADA621AE0A510043260A /* ImagePractice */ = {
			isa = PBXGroup;
			children = (
				CA9CADA721AE0A510043260A /* AppDelegate.swift */,
				CA9CADA921AE0A510043260A /* ViewController.swift */,
				CA9CADAB21AE0A510043260A /* Main.storyboard */,
				CA9CADAE21AE0A510043260A /* Assets.xcassets */,
				CA9CADB021AE0A510043260A /* LaunchScreen.storyboard */,
				CA9CADB321AE0A510043260A /* Info.plist */,
			);
			path = ImagePractice;
			sourceTree = "<group>";
		};
		CA9CADBB21AE0A510043260A /* ImagePracticeTests */ = {
			isa = PBXGroup;
			children = (
				CA9CADBC21AE0A510043260A /* ImagePracticeTests.swift */,
				CA9CADBE21AE0A510043260A /* Info.plist */,
			);
			path = ImagePracticeTests;
			sourceTree = "<group>";
		};
		CA9CADC621AE0A510043260A /* ImagePracticeUITests */ = {
			isa = PBXGroup;
			children = (
				CA9CADC721AE0A510043260A /* ImagePracticeUITests.swift */,
				CA9CADC921AE0A510043260A /* Info.plist */,
			);
			path = ImagePracticeUITests;
			sourceTree = "<group>";
		};
/* End PBXGroup section */

/* Begin PBXNativeTarget section */
		CA9CADA321AE0A510043260A /* ImagePractice */ = {
			isa = PBXNativeTarget;
			buildConfigurationList = CA9CADCC21AE0A520043260A /* Build configuration list for PBXNativeTarget "ImagePractice" */;
			buildPhases = (
				CA9CADA021AE0A510043260A /* Sources */,
				CA9CADA121AE0A510043260A /* Frameworks */,
				CA9CADA221AE0A510043260A /* Resources */,
			);
			buildRules = (
			);
			dependencies = (
			);
			name = ImagePractice;
			productName = ImagePractice;
			productReference = CA9CADA421AE0A510043260A /* ImagePractice.app */;
			productType = "com.apple.product-type.application";
		};
		CA9CADB721AE0A510043260A /* ImagePracticeTests */ = {
			isa = PBXNativeTarget;
			buildConfigurationList = CA9CADCF21AE0A520043260A /* Build configuration list for PBXNativeTarget "ImagePracticeTests" */;
			buildPhases = (
				CA9CADB421AE0A510043260A /* Sources */,
				CA9CADB521AE0A510043260A /* Frameworks */,
				CA9CADB621AE0A510043260A /* Resources */,
			);
			buildRules = (
			);
			dependencies = (
				CA9CADBA21AE0A510043260A /* PBXTargetDependency */,
			);
			name = ImagePracticeTests;
			productName = ImagePracticeTests;
			productReference = CA9CADB821AE0A510043260A /* ImagePracticeTests.xctest */;
			productType = "com.apple.product-type.bundle.unit-test";
		};
		CA9CADC221AE0A510043260A /* ImagePracticeUITests */ = {
			isa = PBXNativeTarget;
			buildConfigurationList = CA9CADD221AE0A520043260A /* Build configuration list for PBXNativeTarget "ImagePracticeUITests" */;
			buildPhases = (
				CA9CADBF21AE0A510043260A /* Sources */,
				CA9CADC021AE0A510043260A /* Frameworks */,
				CA9CADC121AE0A510043260A /* Resources */,
			);
			buildRules = (
			);
			dependencies = (
				CA9CADC521AE0A510043260A /* PBXTargetDependency */,
			);
			name = ImagePracticeUITests;
			productName = ImagePracticeUITests;
			productReference = CA9CADC321AE0A510043260A /* ImagePracticeUITests.xctest */;
			productType = "com.apple.product-type.bundle.ui-testing";
		};
/* End PBXNativeTarget section */

/* Begin PBXProject section */
		CA9CAD9C21AE0A510043260A /* Project object */ = {
			isa = PBXProject;
			attributes = {
				LastSwiftUpdateCheck = 0920;
				LastUpgradeCheck = 0920;
				ORGANIZATIONNAME = "Zach mills";
				TargetAttributes = {
					CA9CADA321AE0A510043260A = {
						CreatedOnToolsVersion = 9.2;
						ProvisioningStyle = Automatic;
					};
					CA9CADB721AE0A510043260A = {
						CreatedOnToolsVersion = 9.2;
						ProvisioningStyle = Automatic;
						TestTargetID = CA9CADA321AE0A510043260A;
					};
					CA9CADC221AE0A510043260A = {
						CreatedOnToolsVersion = 9.2;
						ProvisioningStyle = Automatic;
						TestTargetID = CA9CADA321AE0A510043260A;
					};
				};
			};
			buildConfigurationList = CA9CAD9F21AE0A510043260A /* Build configuration list for PBXProject "ImagePractice" */;
			compatibilityVersion = "Xcode 8.0";
			developmentRegion = en;
			hasScannedForEncodings = 0;
			knownRegions = (
				en,
				Base,
			);
			mainGroup = CA9CAD9B21AE0A510043260A;
			productRefGroup = CA9CADA521AE0A510043260A /* Products */;
			projectDirPath = "";
			projectRoot = "";
			targets = (
				CA9CADA321AE0A510043260A /* ImagePractice */,
				CA9CADB721AE0A510043260A /* ImagePracticeTests */,
				CA9CADC221AE0A510043260A /* ImagePracticeUITests */,
			);
		};
/* End PBXProject section */

/* Begin PBXResourcesBuildPhase section */
		CA9CADA221AE0A510043260A /* Resources */ = {
			isa = PBXResourcesBuildPhase;
			buildActionMask = 2147483647;
			files = (
				CA9CADB221AE0A510043260A /* LaunchScreen.storyboard in Resources */,
				CA9CADAF21AE0A510043260A /* Assets.xcassets in Resources */,
				CA9CADAD21AE0A510043260A /* Main.storyboard in Resources */,
			);
			runOnlyForDeploymentPostprocessing = 0;
		};
		CA9CADB621AE0A510043260A /* Resources */ = {
			isa = PBXResourcesBuildPhase;
			buildActionMask = 2147483647;
			files = (
			);
			runOnlyForDeploymentPostprocessing = 0;
		};
		CA9CADC121AE0A510043260A /* Resources */ = {
			isa = PBXResourcesBuildPhase;
			buildActionMask = 2147483647;
			files = (
			);
			runOnlyForDeploymentPostprocessing = 0;
		};
/* End PBXResourcesBuildPhase section */

/* Begin PBXSourcesBuildPhase section */
		CA9CADA021AE0A510043260A /* Sources */ = {
			isa = PBXSourcesBuildPhase;
			buildActionMask = 2147483647;
			files = (
				CA9CADAA21AE0A510043260A /* ViewController.swift in Sources */,
				CA9CADA821AE0A510043260A /* AppDelegate.swift in Sources */,
			);
			runOnlyForDeploymentPostprocessing = 0;
		};
		CA9CADB421AE0A510043260A /* Sources */ = {
			isa = PBXSourcesBuildPhase;
			buildActionMask = 2147483647;
			files = (
				CA9CADBD21AE0A510043260A /* ImagePracticeTests.swift in Sources */,
			);
			runOnlyForDeploymentPostprocessing = 0;
		};
		CA9CADBF21AE0A510043260A /* Sources */ = {
			isa = PBXSourcesBuildPhase;
			buildActionMask = 2147483647;
			files = (
				CA9CADC821AE0A510043260A /* ImagePracticeUITests.swift in Sources */,
			);
			runOnlyForDeploymentPostprocessing = 0;
		};
/* End PBXSourcesBuildPhase section */

/* Begin PBXTargetDependency section */
		CA9CADBA21AE0A510043260A /* PBXTargetDependency */ = {
			isa = PBXTargetDependency;
			target = CA9CADA321AE0A510043260A /* ImagePractice */;
			targetProxy = CA9CADB921AE0A510043260A /* PBXContainerItemProxy */;
		};
		CA9CADC521AE0A510043260A /* PBXTargetDependency */ = {
			isa = PBXTargetDependency;
			target = CA9CADA321AE0A510043260A /* ImagePractice */;
			targetProxy = CA9CADC421AE0A510043260A /* PBXContainerItemProxy */;
		};
/* End PBXTargetDependency section */

/* Begin PBXVariantGroup section */
		CA9CADAB21AE0A510043260A /* Main.storyboard */ = {
			isa = PBXVariantGroup;
			children = (
				CA9CADAC21AE0A510043260A /* Base */,
			);
			name = Main.storyboard;
			sourceTree = "<group>";
		};
		CA9CADB021AE0A510043260A /* LaunchScreen.storyboard */ = {
			isa = PBXVariantGroup;
			children = (
				CA9CADB121AE0A510043260A /* Base */,
			);
			name = LaunchScreen.storyboard;
			sourceTree = "<group>";
		};
/* End PBXVariantGroup section */

/* Begin XCBuildConfiguration section */
		CA9CADCA21AE0A520043260A /* Debug */ = {
			isa = XCBuildConfiguration;
			buildSettings = {
				ALWAYS_SEARCH_USER_PATHS = NO;
				CLANG_ANALYZER_NONNULL = YES;
				CLANG_ANALYZER_NUMBER_OBJECT_CONVERSION = YES_AGGRESSIVE;
				CLANG_CXX_LANGUAGE_STANDARD = "gnu++14";
				CLANG_CXX_LIBRARY = "libc++";
				CLANG_ENABLE_MODULES = YES;
				CLANG_ENABLE_OBJC_ARC = YES;
				CLANG_WARN_BLOCK_CAPTURE_AUTORELEASING = YES;
				CLANG_WARN_BOOL_CONVERSION = YES;
				CLANG_WARN_COMMA = YES;
				CLANG_WARN_CONSTANT_CONVERSION = YES;
				CLANG_WARN_DIRECT_OBJC_ISA_USAGE = YES_ERROR;
				CLANG_WARN_DOCUMENTATION_COMMENTS = YES;
				CLANG_WARN_EMPTY_BODY = YES;
				CLANG_WARN_ENUM_CONVERSION = YES;
				CLANG_WARN_INFINITE_RECURSION = YES;
				CLANG_WARN_INT_CONVERSION = YES;
				CLANG_WARN_NON_LITERAL_NULL_CONVERSION = YES;
				CLANG_WARN_OBJC_LITERAL_CONVERSION = YES;
				CLANG_WARN_OBJC_ROOT_CLASS = YES_ERROR;
				CLANG_WARN_RANGE_LOOP_ANALYSIS = YES;
				CLANG_WARN_STRICT_PROTOTYPES = YES;
				CLANG_WARN_SUSPICIOUS_MOVE = YES;
				CLANG_WARN_UNGUARDED_AVAILABILITY = YES_AGGRESSIVE;
				CLANG_WARN_UNREACHABLE_CODE = YES;
				CLANG_WARN__DUPLICATE_METHOD_MATCH = YES;
				CODE_SIGN_IDENTITY = "iPhone Developer";
				COPY_PHASE_STRIP = NO;
				DEBUG_INFORMATION_FORMAT = dwarf;
				ENABLE_STRICT_OBJC_MSGSEND = YES;
				ENABLE_TESTABILITY = YES;
				GCC_C_LANGUAGE_STANDARD = gnu11;
				GCC_DYNAMIC_NO_PIC = NO;
				GCC_NO_COMMON_BLOCKS = YES;
				GCC_OPTIMIZATION_LEVEL = 0;
				GCC_PREPROCESSOR_DEFINITIONS = (
					"DEBUG=1",
					"$(inherited)",
				);
				GCC_WARN_64_TO_32_BIT_CONVERSION = YES;
				GCC_WARN_ABOUT_RETURN_TYPE = YES_ERROR;
				GCC_WARN_UNDECLARED_SELECTOR = YES;
				GCC_WARN_UNINITIALIZED_AUTOS = YES_AGGRESSIVE;
				GCC_WARN_UNUSED_FUNCTION = YES;
				GCC_WARN_UNUSED_VARIABLE = YES;
				IPHONEOS_DEPLOYMENT_TARGET = 11.2;
				MTL_ENABLE_DEBUG_INFO = YES;
				ONLY_ACTIVE_ARCH = YES;
				SDKROOT = iphoneos;
				SWIFT_ACTIVE_COMPILATION_CONDITIONS = DEBUG;
				SWIFT_OPTIMIZATION_LEVEL = "-Onone";
			};
			name = Debug;
		};
		CA9CADCB21AE0A520043260A /* Release */ = {
			isa = XCBuildConfiguration;
			buildSettings = {
				ALWAYS_SEARCH_USER_PATHS = NO;
				CLANG_ANALYZER_NONNULL = YES;
				CLANG_ANALYZER_NUMBER_OBJECT_CONVERSION = YES_AGGRESSIVE;
				CLANG_CXX_LANGUAGE_STANDARD = "gnu++14";
				CLANG_CXX_LIBRARY = "libc++";
				CLANG_ENABLE_MODULES = YES;
				CLANG_ENABLE_OBJC_ARC = YES;
				CLANG_WARN_BLOCK_CAPTURE_AUTORELEASING = YES;
				CLANG_WARN_BOOL_CONVERSION = YES;
				CLANG_WARN_COMMA = YES;
				CLANG_WARN_CONSTANT_CONVERSION = YES;
				CLANG_WARN_DIRECT_OBJC_ISA_USAGE = YES_ERROR;
				CLANG_WARN_DOCUMENTATION_COMMENTS = YES;
				CLANG_WARN_EMPTY_BODY = YES;
				CLANG_WARN_ENUM_CONVERSION = YES;
				CLANG_WARN_INFINITE_RECURSION = YES;
				CLANG_WARN_INT_CONVERSION = YES;
				CLANG_WARN_NON_LITERAL_NULL_CONVERSION = YES;
				CLANG_WARN_OBJC_LITERAL_CONVERSION = YES;
				CLANG_WARN_OBJC_ROOT_CLASS = YES_ERROR;
				CLANG_WARN_RANGE_LOOP_ANALYSIS = YES;
				CLANG_WARN_STRICT_PROTOTYPES = YES;
				CLANG_WARN_SUSPICIOUS_MOVE = YES;
				CLANG_WARN_UNGUARDED_AVAILABILITY = YES_AGGRESSIVE;
				CLANG_WARN_UNREACHABLE_CODE = YES;
				CLANG_WARN__DUPLICATE_METHOD_MATCH = YES;
				CODE_SIGN_IDENTITY = "iPhone Developer";
				COPY_PHASE_STRIP = NO;
				DEBUG_INFORMATION_FORMAT = "dwarf-with-dsym";
				ENABLE_NS_ASSERTIONS = NO;
				ENABLE_STRICT_OBJC_MSGSEND = YES;
				GCC_C_LANGUAGE_STANDARD = gnu11;
				GCC_NO_COMMON_BLOCKS = YES;
				GCC_WARN_64_TO_32_BIT_CONVERSION = YES;
				GCC_WARN_ABOUT_RETURN_TYPE = YES_ERROR;
				GCC_WARN_UNDECLARED_SELECTOR = YES;
				GCC_WARN_UNINITIALIZED_AUTOS = YES_AGGRESSIVE;
				GCC_WARN_UNUSED_FUNCTION = YES;
				GCC_WARN_UNUSED_VARIABLE = YES;
				IPHONEOS_DEPLOYMENT_TARGET = 11.2;
				MTL_ENABLE_DEBUG_INFO = NO;
				SDKROOT = iphoneos;
				SWIFT_OPTIMIZATION_LEVEL = "-Owholemodule";
				VALIDATE_PRODUCT = YES;
			};
			name = Release;
		};
		CA9CADCD21AE0A520043260A /* Debug */ = {
			isa = XCBuildConfiguration;
			buildSettings = {
				ASSETCATALOG_COMPILER_APPICON_NAME = AppIcon;
				CODE_SIGN_STYLE = Automatic;
				DEVELOPMENT_TEAM = UV8276766X;
				INFOPLIST_FILE = ImagePractice/Info.plist;
				LD_RUNPATH_SEARCH_PATHS = "$(inherited) @executable_path/Frameworks";
				PRODUCT_BUNDLE_IDENTIFIER = IOSZM678.ImagePractice;
				PRODUCT_NAME = "$(TARGET_NAME)";
				SWIFT_VERSION = 4.0;
				TARGETED_DEVICE_FAMILY = "1,2";
			};
			name = Debug;
		};
		CA9CADCE21AE0A520043260A /* Release */ = {
			isa = XCBuildConfiguration;
			buildSettings = {
				ASSETCATALOG_COMPILER_APPICON_NAME = AppIcon;
				CODE_SIGN_STYLE = Automatic;
				DEVELOPMENT_TEAM = UV8276766X;
				INFOPLIST_FILE = ImagePractice/Info.plist;
				LD_RUNPATH_SEARCH_PATHS = "$(inherited) @executable_path/Frameworks";
				PRODUCT_BUNDLE_IDENTIFIER = IOSZM678.ImagePractice;
				PRODUCT_NAME = "$(TARGET_NAME)";
				SWIFT_VERSION = 4.0;
				TARGETED_DEVICE_FAMILY = "1,2";
			};
			name = Release;
		};
		CA9CADD021AE0A520043260A /* Debug */ = {
			isa = XCBuildConfiguration;
			buildSettings = {
				ALWAYS_EMBED_SWIFT_STANDARD_LIBRARIES = YES;
				BUNDLE_LOADER = "$(TEST_HOST)";
				CODE_SIGN_STYLE = Automatic;
				DEVELOPMENT_TEAM = UV8276766X;
				INFOPLIST_FILE = ImagePracticeTests/Info.plist;
				LD_RUNPATH_SEARCH_PATHS = "$(inherited) @executable_path/Frameworks @loader_path/Frameworks";
				PRODUCT_BUNDLE_IDENTIFIER = IOSZM678.ImagePracticeTests;
				PRODUCT_NAME = "$(TARGET_NAME)";
				SWIFT_VERSION = 4.0;
				TARGETED_DEVICE_FAMILY = "1,2";
				TEST_HOST = "$(BUILT_PRODUCTS_DIR)/ImagePractice.app/ImagePractice";
			};
			name = Debug;
		};
		CA9CADD121AE0A520043260A /* Release */ = {
			isa = XCBuildConfiguration;
			buildSettings = {
				ALWAYS_EMBED_SWIFT_STANDARD_LIBRARIES = YES;
				BUNDLE_LOADER = "$(TEST_HOST)";
				CODE_SIGN_STYLE = Automatic;
				DEVELOPMENT_TEAM = UV8276766X;
				INFOPLIST_FILE = ImagePracticeTests/Info.plist;
				LD_RUNPATH_SEARCH_PATHS = "$(inherited) @executable_path/Frameworks @loader_path/Frameworks";
				PRODUCT_BUNDLE_IDENTIFIER = IOSZM678.ImagePracticeTests;
				PRODUCT_NAME = "$(TARGET_NAME)";
				SWIFT_VERSION = 4.0;
				TARGETED_DEVICE_FAMILY = "1,2";
				TEST_HOST = "$(BUILT_PRODUCTS_DIR)/ImagePractice.app/ImagePractice";
			};
			name = Release;
		};
		CA9CADD321AE0A520043260A /* Debug */ = {
			isa = XCBuildConfiguration;
			buildSettings = {
				ALWAYS_EMBED_SWIFT_STANDARD_LIBRARIES = YES;
				CODE_SIGN_STYLE = Automatic;
				DEVELOPMENT_TEAM = UV8276766X;
				INFOPLIST_FILE = ImagePracticeUITests/Info.plist;
				LD_RUNPATH_SEARCH_PATHS = "$(inherited) @executable_path/Frameworks @loader_path/Frameworks";
				PRODUCT_BUNDLE_IDENTIFIER = IOSZM678.ImagePracticeUITests;
				PRODUCT_NAME = "$(TARGET_NAME)";
				SWIFT_VERSION = 4.0;
				TARGETED_DEVICE_FAMILY = "1,2";
				TEST_TARGET_NAME = ImagePractice;
			};
			name = Debug;
		};
		CA9CADD421AE0A520043260A /* Release */ = {
			isa = XCBuildConfiguration;
			buildSettings = {
				ALWAYS_EMBED_SWIFT_STANDARD_LIBRARIES = YES;
				CODE_SIGN_STYLE = Automatic;
				DEVELOPMENT_TEAM = UV8276766X;
				INFOPLIST_FILE = ImagePracticeUITests/Info.plist;
				LD_RUNPATH_SEARCH_PATHS = "$(inherited) @executable_path/Frameworks @loader_path/Frameworks";
				PRODUCT_BUNDLE_IDENTIFIER = IOSZM678.ImagePracticeUITests;
				PRODUCT_NAME = "$(TARGET_NAME)";
				SWIFT_VERSION = 4.0;
				TARGETED_DEVICE_FAMILY = "1,2";
				TEST_TARGET_NAME = ImagePractice;
			};
			name = Release;
		};
/* End XCBuildConfiguration section */

/* Begin XCConfigurationList section */
		CA9CAD9F21AE0A510043260A /* Build configuration list for PBXProject "ImagePractice" */ = {
			isa = XCConfigurationList;
			buildConfigurations = (
				CA9CADCA21AE0A520043260A /* Debug */,
				CA9CADCB21AE0A520043260A /* Release */,
			);
			defaultConfigurationIsVisible = 0;
			defaultConfigurationName = Release;
		};
		CA9CADCC21AE0A520043260A /* Build configuration list for PBXNativeTarget "ImagePractice" */ = {
			isa = XCConfigurationList;
			buildConfigurations = (
				CA9CADCD21AE0A520043260A /* Debug */,
				CA9CADCE21AE0A520043260A /* Release */,
			);
			defaultConfigurationIsVisible = 0;
			defaultConfigurationName = Release;
		};
		CA9CADCF21AE0A520043260A /* Build configuration list for PBXNativeTarget "ImagePracticeTests" */ = {
			isa = XCConfigurationList;
			buildConfigurations = (
				CA9CADD021AE0A520043260A /* Debug */,
				CA9CADD121AE0A520043260A /* Release */,
			);
			defaultConfigurationIsVisible = 0;
			defaultConfigurationName = Release;
		};
		CA9CADD221AE0A520043260A /* Build configuration list for PBXNativeTarget "ImagePracticeUITests" */ = {
			isa = XCConfigurationList;
			buildConfigurations = (
				CA9CADD321AE0A520043260A /* Debug */,
				CA9CADD421AE0A520043260A /* Release */,
			);
			defaultConfigurationIsVisible = 0;
			defaultConfigurationName = Release;
		};
/* End XCConfigurationList section */
	};
	rootObject = CA9CAD9C21AE0A510043260A /* Project object */;
}
