// !$*UTF8*$!
{
	archiveVersion = 1;
	classes = {
	};
	objectVersion = 48;
	objects = {

/* Begin PBXBuildFile section */
		CABFEC79229641CC00B489D4 /* AppDelegate.swift in Sources */ = {isa = PBXBuildFile; fileRef = CABFEC78229641CC00B489D4 /* AppDelegate.swift */; };
		CABFEC7B229641CC00B489D4 /* ViewController.swift in Sources */ = {isa = PBXBuildFile; fileRef = CABFEC7A229641CC00B489D4 /* ViewController.swift */; };
		CABFEC7E229641CC00B489D4 /* Main.storyboard in Resources */ = {isa = PBXBuildFile; fileRef = CABFEC7C229641CC00B489D4 /* Main.storyboard */; };
		CABFEC80229641CC00B489D4 /* Assets.xcassets in Resources */ = {isa = PBXBuildFile; fileRef = CABFEC7F229641CC00B489D4 /* Assets.xcassets */; };
		CABFEC83229641CC00B489D4 /* LaunchScreen.storyboard in Resources */ = {isa = PBXBuildFile; fileRef = CABFEC81229641CC00B489D4 /* LaunchScreen.storyboard */; };
		CABFEC8E229641CC00B489D4 /* UserDefaultsTests.swift in Sources */ = {isa = PBXBuildFile; fileRef = CABFEC8D229641CC00B489D4 /* UserDefaultsTests.swift */; };
		CABFEC99229641CC00B489D4 /* UserDefaultsUITests.swift in Sources */ = {isa = PBXBuildFile; fileRef = CABFEC98229641CC00B489D4 /* UserDefaultsUITests.swift */; };
/* End PBXBuildFile section */

/* Begin PBXContainerItemProxy section */
		CABFEC8A229641CC00B489D4 /* PBXContainerItemProxy */ = {
			isa = PBXContainerItemProxy;
			containerPortal = CABFEC6D229641CC00B489D4 /* Project object */;
			proxyType = 1;
			remoteGlobalIDString = CABFEC74229641CC00B489D4;
			remoteInfo = UserDefaults;
		};
		CABFEC95229641CC00B489D4 /* PBXContainerItemProxy */ = {
			isa = PBXContainerItemProxy;
			containerPortal = CABFEC6D229641CC00B489D4 /* Project object */;
			proxyType = 1;
			remoteGlobalIDString = CABFEC74229641CC00B489D4;
			remoteInfo = UserDefaults;
		};
/* End PBXContainerItemProxy section */

/* Begin PBXFileReference section */
		CABFEC75229641CC00B489D4 /* UserDefaults.app */ = {isa = PBXFileReference; explicitFileType = wrapper.application; includeInIndex = 0; path = UserDefaults.app; sourceTree = BUILT_PRODUCTS_DIR; };
		CABFEC78229641CC00B489D4 /* AppDelegate.swift */ = {isa = PBXFileReference; lastKnownFileType = sourcecode.swift; path = AppDelegate.swift; sourceTree = "<group>"; };
		CABFEC7A229641CC00B489D4 /* ViewController.swift */ = {isa = PBXFileReference; lastKnownFileType = sourcecode.swift; path = ViewController.swift; sourceTree = "<group>"; };
		CABFEC7D229641CC00B489D4 /* Base */ = {isa = PBXFileReference; lastKnownFileType = file.storyboard; name = Base; path = Base.lproj/Main.storyboard; sourceTree = "<group>"; };
		CABFEC7F229641CC00B489D4 /* Assets.xcassets */ = {isa = PBXFileReference; lastKnownFileType = folder.assetcatalog; path = Assets.xcassets; sourceTree = "<group>"; };
		CABFEC82229641CC00B489D4 /* Base */ = {isa = PBXFileReference; lastKnownFileType = file.storyboard; name = Base; path = Base.lproj/LaunchScreen.storyboard; sourceTree = "<group>"; };
		CABFEC84229641CC00B489D4 /* Info.plist */ = {isa = PBXFileReference; lastKnownFileType = text.plist.xml; path = Info.plist; sourceTree = "<group>"; };
		CABFEC89229641CC00B489D4 /* UserDefaultsTests.xctest */ = {isa = PBXFileReference; explicitFileType = wrapper.cfbundle; includeInIndex = 0; path = UserDefaultsTests.xctest; sourceTree = BUILT_PRODUCTS_DIR; };
		CABFEC8D229641CC00B489D4 /* UserDefaultsTests.swift */ = {isa = PBXFileReference; lastKnownFileType = sourcecode.swift; path = UserDefaultsTests.swift; sourceTree = "<group>"; };
		CABFEC8F229641CC00B489D4 /* Info.plist */ = {isa = PBXFileReference; lastKnownFileType = text.plist.xml; path = Info.plist; sourceTree = "<group>"; };
		CABFEC94229641CC00B489D4 /* UserDefaultsUITests.xctest */ = {isa = PBXFileReference; explicitFileType = wrapper.cfbundle; includeInIndex = 0; path = UserDefaultsUITests.xctest; sourceTree = BUILT_PRODUCTS_DIR; };
		CABFEC98229641CC00B489D4 /* UserDefaultsUITests.swift */ = {isa = PBXFileReference; lastKnownFileType = sourcecode.swift; path = UserDefaultsUITests.swift; sourceTree = "<group>"; };
		CABFEC9A229641CC00B489D4 /* Info.plist */ = {isa = PBXFileReference; lastKnownFileType = text.plist.xml; path = Info.plist; sourceTree = "<group>"; };
/* End PBXFileReference section */

/* Begin PBXFrameworksBuildPhase section */
		CABFEC72229641CC00B489D4 /* Frameworks */ = {
			isa = PBXFrameworksBuildPhase;
			buildActionMask = 2147483647;
			files = (
			);
			runOnlyForDeploymentPostprocessing = 0;
		};
		CABFEC86229641CC00B489D4 /* Frameworks */ = {
			isa = PBXFrameworksBuildPhase;
			buildActionMask = 2147483647;
			files = (
			);
			runOnlyForDeploymentPostprocessing = 0;
		};
		CABFEC91229641CC00B489D4 /* Frameworks */ = {
			isa = PBXFrameworksBuildPhase;
			buildActionMask = 2147483647;
			files = (
			);
			runOnlyForDeploymentPostprocessing = 0;
		};
/* End PBXFrameworksBuildPhase section */

/* Begin PBXGroup section */
		CABFEC6C229641CC00B489D4 = {
			isa = PBXGroup;
			children = (
				CABFEC77229641CC00B489D4 /* UserDefaults */,
				CABFEC8C229641CC00B489D4 /* UserDefaultsTests */,
				CABFEC97229641CC00B489D4 /* UserDefaultsUITests */,
				CABFEC76229641CC00B489D4 /* Products */,
			);
			sourceTree = "<group>";
		};
		CABFEC76229641CC00B489D4 /* Products */ = {
			isa = PBXGroup;
			children = (
				CABFEC75229641CC00B489D4 /* UserDefaults.app */,
				CABFEC89229641CC00B489D4 /* UserDefaultsTests.xctest */,
				CABFEC94229641CC00B489D4 /* UserDefaultsUITests.xctest */,
			);
			name = Products;
			sourceTree = "<group>";
		};
		CABFEC77229641CC00B489D4 /* UserDefaults */ = {
			isa = PBXGroup;
			children = (
				CABFEC78229641CC00B489D4 /* AppDelegate.swift */,
				CABFEC7A229641CC00B489D4 /* ViewController.swift */,
				CABFEC7C229641CC00B489D4 /* Main.storyboard */,
				CABFEC7F229641CC00B489D4 /* Assets.xcassets */,
				CABFEC81229641CC00B489D4 /* LaunchScreen.storyboard */,
				CABFEC84229641CC00B489D4 /* Info.plist */,
			);
			path = UserDefaults;
			sourceTree = "<group>";
		};
		CABFEC8C229641CC00B489D4 /* UserDefaultsTests */ = {
			isa = PBXGroup;
			children = (
				CABFEC8D229641CC00B489D4 /* UserDefaultsTests.swift */,
				CABFEC8F229641CC00B489D4 /* Info.plist */,
			);
			path = UserDefaultsTests;
			sourceTree = "<group>";
		};
		CABFEC97229641CC00B489D4 /* UserDefaultsUITests */ = {
			isa = PBXGroup;
			children = (
				CABFEC98229641CC00B489D4 /* UserDefaultsUITests.swift */,
				CABFEC9A229641CC00B489D4 /* Info.plist */,
			);
			path = UserDefaultsUITests;
			sourceTree = "<group>";
		};
/* End PBXGroup section */

/* Begin PBXNativeTarget section */
		CABFEC74229641CC00B489D4 /* UserDefaults */ = {
			isa = PBXNativeTarget;
			buildConfigurationList = CABFEC9D229641CC00B489D4 /* Build configuration list for PBXNativeTarget "UserDefaults" */;
			buildPhases = (
				CABFEC71229641CC00B489D4 /* Sources */,
				CABFEC72229641CC00B489D4 /* Frameworks */,
				CABFEC73229641CC00B489D4 /* Resources */,
			);
			buildRules = (
			);
			dependencies = (
			);
			name = UserDefaults;
			productName = UserDefaults;
			productReference = CABFEC75229641CC00B489D4 /* UserDefaults.app */;
			productType = "com.apple.product-type.application";
		};
		CABFEC88229641CC00B489D4 /* UserDefaultsTests */ = {
			isa = PBXNativeTarget;
			buildConfigurationList = CABFECA0229641CC00B489D4 /* Build configuration list for PBXNativeTarget "UserDefaultsTests" */;
			buildPhases = (
				CABFEC85229641CC00B489D4 /* Sources */,
				CABFEC86229641CC00B489D4 /* Frameworks */,
				CABFEC87229641CC00B489D4 /* Resources */,
			);
			buildRules = (
			);
			dependencies = (
				CABFEC8B229641CC00B489D4 /* PBXTargetDependency */,
			);
			name = UserDefaultsTests;
			productName = UserDefaultsTests;
			productReference = CABFEC89229641CC00B489D4 /* UserDefaultsTests.xctest */;
			productType = "com.apple.product-type.bundle.unit-test";
		};
		CABFEC93229641CC00B489D4 /* UserDefaultsUITests */ = {
			isa = PBXNativeTarget;
			buildConfigurationList = CABFECA3229641CC00B489D4 /* Build configuration list for PBXNativeTarget "UserDefaultsUITests" */;
			buildPhases = (
				CABFEC90229641CC00B489D4 /* Sources */,
				CABFEC91229641CC00B489D4 /* Frameworks */,
				CABFEC92229641CC00B489D4 /* Resources */,
			);
			buildRules = (
			);
			dependencies = (
				CABFEC96229641CC00B489D4 /* PBXTargetDependency */,
			);
			name = UserDefaultsUITests;
			productName = UserDefaultsUITests;
			productReference = CABFEC94229641CC00B489D4 /* UserDefaultsUITests.xctest */;
			productType = "com.apple.product-type.bundle.ui-testing";
		};
/* End PBXNativeTarget section */

/* Begin PBXProject section */
		CABFEC6D229641CC00B489D4 /* Project object */ = {
			isa = PBXProject;
			attributes = {
				LastSwiftUpdateCheck = 0920;
				LastUpgradeCheck = 0920;
				ORGANIZATIONNAME = "Zach mills";
				TargetAttributes = {
					CABFEC74229641CC00B489D4 = {
						CreatedOnToolsVersion = 9.2;
						ProvisioningStyle = Automatic;
					};
					CABFEC88229641CC00B489D4 = {
						CreatedOnToolsVersion = 9.2;
						ProvisioningStyle = Automatic;
						TestTargetID = CABFEC74229641CC00B489D4;
					};
					CABFEC93229641CC00B489D4 = {
						CreatedOnToolsVersion = 9.2;
						ProvisioningStyle = Automatic;
						TestTargetID = CABFEC74229641CC00B489D4;
					};
				};
			};
			buildConfigurationList = CABFEC70229641CC00B489D4 /* Build configuration list for PBXProject "UserDefaults" */;
			compatibilityVersion = "Xcode 8.0";
			developmentRegion = en;
			hasScannedForEncodings = 0;
			knownRegions = (
				en,
				Base,
			);
			mainGroup = CABFEC6C229641CC00B489D4;
			productRefGroup = CABFEC76229641CC00B489D4 /* Products */;
			projectDirPath = "";
			projectRoot = "";
			targets = (
				CABFEC74229641CC00B489D4 /* UserDefaults */,
				CABFEC88229641CC00B489D4 /* UserDefaultsTests */,
				CABFEC93229641CC00B489D4 /* UserDefaultsUITests */,
			);
		};
/* End PBXProject section */

/* Begin PBXResourcesBuildPhase section */
		CABFEC73229641CC00B489D4 /* Resources */ = {
			isa = PBXResourcesBuildPhase;
			buildActionMask = 2147483647;
			files = (
				CABFEC83229641CC00B489D4 /* LaunchScreen.storyboard in Resources */,
				CABFEC80229641CC00B489D4 /* Assets.xcassets in Resources */,
				CABFEC7E229641CC00B489D4 /* Main.storyboard in Resources */,
			);
			runOnlyForDeploymentPostprocessing = 0;
		};
		CABFEC87229641CC00B489D4 /* Resources */ = {
			isa = PBXResourcesBuildPhase;
			buildActionMask = 2147483647;
			files = (
			);
			runOnlyForDeploymentPostprocessing = 0;
		};
		CABFEC92229641CC00B489D4 /* Resources */ = {
			isa = PBXResourcesBuildPhase;
			buildActionMask = 2147483647;
			files = (
			);
			runOnlyForDeploymentPostprocessing = 0;
		};
/* End PBXResourcesBuildPhase section */

/* Begin PBXSourcesBuildPhase section */
		CABFEC71229641CC00B489D4 /* Sources */ = {
			isa = PBXSourcesBuildPhase;
			buildActionMask = 2147483647;
			files = (
				CABFEC7B229641CC00B489D4 /* ViewController.swift in Sources */,
				CABFEC79229641CC00B489D4 /* AppDelegate.swift in Sources */,
			);
			runOnlyForDeploymentPostprocessing = 0;
		};
		CABFEC85229641CC00B489D4 /* Sources */ = {
			isa = PBXSourcesBuildPhase;
			buildActionMask = 2147483647;
			files = (
				CABFEC8E229641CC00B489D4 /* UserDefaultsTests.swift in Sources */,
			);
			runOnlyForDeploymentPostprocessing = 0;
		};
		CABFEC90229641CC00B489D4 /* Sources */ = {
			isa = PBXSourcesBuildPhase;
			buildActionMask = 2147483647;
			files = (
				CABFEC99229641CC00B489D4 /* UserDefaultsUITests.swift in Sources */,
			);
			runOnlyForDeploymentPostprocessing = 0;
		};
/* End PBXSourcesBuildPhase section */

/* Begin PBXTargetDependency section */
		CABFEC8B229641CC00B489D4 /* PBXTargetDependency */ = {
			isa = PBXTargetDependency;
			target = CABFEC74229641CC00B489D4 /* UserDefaults */;
			targetProxy = CABFEC8A229641CC00B489D4 /* PBXContainerItemProxy */;
		};
		CABFEC96229641CC00B489D4 /* PBXTargetDependency */ = {
			isa = PBXTargetDependency;
			target = CABFEC74229641CC00B489D4 /* UserDefaults */;
			targetProxy = CABFEC95229641CC00B489D4 /* PBXContainerItemProxy */;
		};
/* End PBXTargetDependency section */

/* Begin PBXVariantGroup section */
		CABFEC7C229641CC00B489D4 /* Main.storyboard */ = {
			isa = PBXVariantGroup;
			children = (
				CABFEC7D229641CC00B489D4 /* Base */,
			);
			name = Main.storyboard;
			sourceTree = "<group>";
		};
		CABFEC81229641CC00B489D4 /* LaunchScreen.storyboard */ = {
			isa = PBXVariantGroup;
			children = (
				CABFEC82229641CC00B489D4 /* Base */,
			);
			name = LaunchScreen.storyboard;
			sourceTree = "<group>";
		};
/* End PBXVariantGroup section */

/* Begin XCBuildConfiguration section */
		CABFEC9B229641CC00B489D4 /* Debug */ = {
			isa = XCBuildConfiguration;
			buildSettings = {
				ALWAYS_SEARCH_USER_PATHS = NO;
				CLANG_ANALYZER_NONNULL = YES;
				CLANG_ANALYZER_NUMBER_OBJECT_CONVERSION = YES_AGGRESSIVE;
				CLANG_CXX_LANGUAGE_STANDARD = "gnu++14";
				CLANG_CXX_LIBRARY = "libc++";
				CLANG_ENABLE_MODULES = YES;
				CLANG_ENABLE_OBJC_ARC = YES;
				CLANG_WARN_BLOCK_CAPTURE_AUTORELEASING = YES;
				CLANG_WARN_BOOL_CONVERSION = YES;
				CLANG_WARN_COMMA = YES;
				CLANG_WARN_CONSTANT_CONVERSION = YES;
				CLANG_WARN_DIRECT_OBJC_ISA_USAGE = YES_ERROR;
				CLANG_WARN_DOCUMENTATION_COMMENTS = YES;
				CLANG_WARN_EMPTY_BODY = YES;
				CLANG_WARN_ENUM_CONVERSION = YES;
				CLANG_WARN_INFINITE_RECURSION = YES;
				CLANG_WARN_INT_CONVERSION = YES;
				CLANG_WARN_NON_LITERAL_NULL_CONVERSION = YES;
				CLANG_WARN_OBJC_LITERAL_CONVERSION = YES;
				CLANG_WARN_OBJC_ROOT_CLASS = YES_ERROR;
				CLANG_WARN_RANGE_LOOP_ANALYSIS = YES;
				CLANG_WARN_STRICT_PROTOTYPES = YES;
				CLANG_WARN_SUSPICIOUS_MOVE = YES;
				CLANG_WARN_UNGUARDED_AVAILABILITY = YES_AGGRESSIVE;
				CLANG_WARN_UNREACHABLE_CODE = YES;
				CLANG_WARN__DUPLICATE_METHOD_MATCH = YES;
				CODE_SIGN_IDENTITY = "iPhone Developer";
				COPY_PHASE_STRIP = NO;
				DEBUG_INFORMATION_FORMAT = dwarf;
				ENABLE_STRICT_OBJC_MSGSEND = YES;
				ENABLE_TESTABILITY = YES;
				GCC_C_LANGUAGE_STANDARD = gnu11;
				GCC_DYNAMIC_NO_PIC = NO;
				GCC_NO_COMMON_BLOCKS = YES;
				GCC_OPTIMIZATION_LEVEL = 0;
				GCC_PREPROCESSOR_DEFINITIONS = (
					"DEBUG=1",
					"$(inherited)",
				);
				GCC_WARN_64_TO_32_BIT_CONVERSION = YES;
				GCC_WARN_ABOUT_RETURN_TYPE = YES_ERROR;
				GCC_WARN_UNDECLARED_SELECTOR = YES;
				GCC_WARN_UNINITIALIZED_AUTOS = YES_AGGRESSIVE;
				GCC_WARN_UNUSED_FUNCTION = YES;
				GCC_WARN_UNUSED_VARIABLE = YES;
				IPHONEOS_DEPLOYMENT_TARGET = 11.2;
				MTL_ENABLE_DEBUG_INFO = YES;
				ONLY_ACTIVE_ARCH = YES;
				SDKROOT = iphoneos;
				SWIFT_ACTIVE_COMPILATION_CONDITIONS = DEBUG;
				SWIFT_OPTIMIZATION_LEVEL = "-Onone";
			};
			name = Debug;
		};
		CABFEC9C229641CC00B489D4 /* Release */ = {
			isa = XCBuildConfiguration;
			buildSettings = {
				ALWAYS_SEARCH_USER_PATHS = NO;
				CLANG_ANALYZER_NONNULL = YES;
				CLANG_ANALYZER_NUMBER_OBJECT_CONVERSION = YES_AGGRESSIVE;
				CLANG_CXX_LANGUAGE_STANDARD = "gnu++14";
				CLANG_CXX_LIBRARY = "libc++";
				CLANG_ENABLE_MODULES = YES;
				CLANG_ENABLE_OBJC_ARC = YES;
				CLANG_WARN_BLOCK_CAPTURE_AUTORELEASING = YES;
				CLANG_WARN_BOOL_CONVERSION = YES;
				CLANG_WARN_COMMA = YES;
				CLANG_WARN_CONSTANT_CONVERSION = YES;
				CLANG_WARN_DIRECT_OBJC_ISA_USAGE = YES_ERROR;
				CLANG_WARN_DOCUMENTATION_COMMENTS = YES;
				CLANG_WARN_EMPTY_BODY = YES;
				CLANG_WARN_ENUM_CONVERSION = YES;
				CLANG_WARN_INFINITE_RECURSION = YES;
				CLANG_WARN_INT_CONVERSION = YES;
				CLANG_WARN_NON_LITERAL_NULL_CONVERSION = YES;
				CLANG_WARN_OBJC_LITERAL_CONVERSION = YES;
				CLANG_WARN_OBJC_ROOT_CLASS = YES_ERROR;
				CLANG_WARN_RANGE_LOOP_ANALYSIS = YES;
				CLANG_WARN_STRICT_PROTOTYPES = YES;
				CLANG_WARN_SUSPICIOUS_MOVE = YES;
				CLANG_WARN_UNGUARDED_AVAILABILITY = YES_AGGRESSIVE;
				CLANG_WARN_UNREACHABLE_CODE = YES;
				CLANG_WARN__DUPLICATE_METHOD_MATCH = YES;
				CODE_SIGN_IDENTITY = "iPhone Developer";
				COPY_PHASE_STRIP = NO;
				DEBUG_INFORMATION_FORMAT = "dwarf-with-dsym";
				ENABLE_NS_ASSERTIONS = NO;
				ENABLE_STRICT_OBJC_MSGSEND = YES;
				GCC_C_LANGUAGE_STANDARD = gnu11;
				GCC_NO_COMMON_BLOCKS = YES;
				GCC_WARN_64_TO_32_BIT_CONVERSION = YES;
				GCC_WARN_ABOUT_RETURN_TYPE = YES_ERROR;
				GCC_WARN_UNDECLARED_SELECTOR = YES;
				GCC_WARN_UNINITIALIZED_AUTOS = YES_AGGRESSIVE;
				GCC_WARN_UNUSED_FUNCTION = YES;
				GCC_WARN_UNUSED_VARIABLE = YES;
				IPHONEOS_DEPLOYMENT_TARGET = 11.2;
				MTL_ENABLE_DEBUG_INFO = NO;
				SDKROOT = iphoneos;
				SWIFT_OPTIMIZATION_LEVEL = "-Owholemodule";
				VALIDATE_PRODUCT = YES;
			};
			name = Release;
		};
		CABFEC9E229641CC00B489D4 /* Debug */ = {
			isa = XCBuildConfiguration;
			buildSettings = {
				ASSETCATALOG_COMPILER_APPICON_NAME = AppIcon;
				CODE_SIGN_STYLE = Automatic;
				DEVELOPMENT_TEAM = UV8276766X;
				INFOPLIST_FILE = UserDefaults/Info.plist;
				LD_RUNPATH_SEARCH_PATHS = "$(inherited) @executable_path/Frameworks";
				PRODUCT_BUNDLE_IDENTIFIER = IOSZM678.UserDefaults;
				PRODUCT_NAME = "$(TARGET_NAME)";
				SWIFT_VERSION = 4.0;
				TARGETED_DEVICE_FAMILY = "1,2";
			};
			name = Debug;
		};
		CABFEC9F229641CC00B489D4 /* Release */ = {
			isa = XCBuildConfiguration;
			buildSettings = {
				ASSETCATALOG_COMPILER_APPICON_NAME = AppIcon;
				CODE_SIGN_STYLE = Automatic;
				DEVELOPMENT_TEAM = UV8276766X;
				INFOPLIST_FILE = UserDefaults/Info.plist;
				LD_RUNPATH_SEARCH_PATHS = "$(inherited) @executable_path/Frameworks";
				PRODUCT_BUNDLE_IDENTIFIER = IOSZM678.UserDefaults;
				PRODUCT_NAME = "$(TARGET_NAME)";
				SWIFT_VERSION = 4.0;
				TARGETED_DEVICE_FAMILY = "1,2";
			};
			name = Release;
		};
		CABFECA1229641CC00B489D4 /* Debug */ = {
			isa = XCBuildConfiguration;
			buildSettings = {
				ALWAYS_EMBED_SWIFT_STANDARD_LIBRARIES = YES;
				BUNDLE_LOADER = "$(TEST_HOST)";
				CODE_SIGN_STYLE = Automatic;
				DEVELOPMENT_TEAM = UV8276766X;
				INFOPLIST_FILE = UserDefaultsTests/Info.plist;
				LD_RUNPATH_SEARCH_PATHS = "$(inherited) @executable_path/Frameworks @loader_path/Frameworks";
				PRODUCT_BUNDLE_IDENTIFIER = IOSZM678.UserDefaultsTests;
				PRODUCT_NAME = "$(TARGET_NAME)";
				SWIFT_VERSION = 4.0;
				TARGETED_DEVICE_FAMILY = "1,2";
				TEST_HOST = "$(BUILT_PRODUCTS_DIR)/UserDefaults.app/UserDefaults";
			};
			name = Debug;
		};
		CABFECA2229641CC00B489D4 /* Release */ = {
			isa = XCBuildConfiguration;
			buildSettings = {
				ALWAYS_EMBED_SWIFT_STANDARD_LIBRARIES = YES;
				BUNDLE_LOADER = "$(TEST_HOST)";
				CODE_SIGN_STYLE = Automatic;
				DEVELOPMENT_TEAM = UV8276766X;
				INFOPLIST_FILE = UserDefaultsTests/Info.plist;
				LD_RUNPATH_SEARCH_PATHS = "$(inherited) @executable_path/Frameworks @loader_path/Frameworks";
				PRODUCT_BUNDLE_IDENTIFIER = IOSZM678.UserDefaultsTests;
				PRODUCT_NAME = "$(TARGET_NAME)";
				SWIFT_VERSION = 4.0;
				TARGETED_DEVICE_FAMILY = "1,2";
				TEST_HOST = "$(BUILT_PRODUCTS_DIR)/UserDefaults.app/UserDefaults";
			};
			name = Release;
		};
		CABFECA4229641CC00B489D4 /* Debug */ = {
			isa = XCBuildConfiguration;
			buildSettings = {
				ALWAYS_EMBED_SWIFT_STANDARD_LIBRARIES = YES;
				CODE_SIGN_STYLE = Automatic;
				DEVELOPMENT_TEAM = UV8276766X;
				INFOPLIST_FILE = UserDefaultsUITests/Info.plist;
				LD_RUNPATH_SEARCH_PATHS = "$(inherited) @executable_path/Frameworks @loader_path/Frameworks";
				PRODUCT_BUNDLE_IDENTIFIER = IOSZM678.UserDefaultsUITests;
				PRODUCT_NAME = "$(TARGET_NAME)";
				SWIFT_VERSION = 4.0;
				TARGETED_DEVICE_FAMILY = "1,2";
				TEST_TARGET_NAME = UserDefaults;
			};
			name = Debug;
		};
		CABFECA5229641CC00B489D4 /* Release */ = {
			isa = XCBuildConfiguration;
			buildSettings = {
				ALWAYS_EMBED_SWIFT_STANDARD_LIBRARIES = YES;
				CODE_SIGN_STYLE = Automatic;
				DEVELOPMENT_TEAM = UV8276766X;
				INFOPLIST_FILE = UserDefaultsUITests/Info.plist;
				LD_RUNPATH_SEARCH_PATHS = "$(inherited) @executable_path/Frameworks @loader_path/Frameworks";
				PRODUCT_BUNDLE_IDENTIFIER = IOSZM678.UserDefaultsUITests;
				PRODUCT_NAME = "$(TARGET_NAME)";
				SWIFT_VERSION = 4.0;
				TARGETED_DEVICE_FAMILY = "1,2";
				TEST_TARGET_NAME = UserDefaults;
			};
			name = Release;
		};
/* End XCBuildConfiguration section */

/* Begin XCConfigurationList section */
		CABFEC70229641CC00B489D4 /* Build configuration list for PBXProject "UserDefaults" */ = {
			isa = XCConfigurationList;
			buildConfigurations = (
				CABFEC9B229641CC00B489D4 /* Debug */,
				CABFEC9C229641CC00B489D4 /* Release */,
			);
			defaultConfigurationIsVisible = 0;
			defaultConfigurationName = Release;
		};
		CABFEC9D229641CC00B489D4 /* Build configuration list for PBXNativeTarget "UserDefaults" */ = {
			isa = XCConfigurationList;
			buildConfigurations = (
				CABFEC9E229641CC00B489D4 /* Debug */,
				CABFEC9F229641CC00B489D4 /* Release */,
			);
			defaultConfigurationIsVisible = 0;
			defaultConfigurationName = Release;
		};
		CABFECA0229641CC00B489D4 /* Build configuration list for PBXNativeTarget "UserDefaultsTests" */ = {
			isa = XCConfigurationList;
			buildConfigurations = (
				CABFECA1229641CC00B489D4 /* Debug */,
				CABFECA2229641CC00B489D4 /* Release */,
			);
			defaultConfigurationIsVisible = 0;
			defaultConfigurationName = Release;
		};
		CABFECA3229641CC00B489D4 /* Build configuration list for PBXNativeTarget "UserDefaultsUITests" */ = {
			isa = XCConfigurationList;
			buildConfigurations = (
				CABFECA4229641CC00B489D4 /* Debug */,
				CABFECA5229641CC00B489D4 /* Release */,
			);
			defaultConfigurationIsVisible = 0;
			defaultConfigurationName = Release;
		};
/* End XCConfigurationList section */
	};
	rootObject = CABFEC6D229641CC00B489D4 /* Project object */;
}
